
Microsoft Visual Studio Solution File, Format Version 12.00
# Visual Studio Version 16
VisualStudioVersion = 16.0.29215.179
MinimumVisualStudioVersion = 10.0.40219.1
Project("{FAE04EC0-301F-11D3-BF4B-00C04F79EFBC}") = "LunarLander", "LunarLander\LunarLander.csproj", "{0532A77F-4485-4D70-804D-314F94C27C49}"
EndProject
Project("{FAE04EC0-301F-11D3-BF4B-00C04F79EFBC}") = "UnitTests", "UnitTests\UnitTests.csproj", "{CC3F1A5A-0222-4A5E-A21E-FD17140DF95A}"
EndProject
Global
	GlobalSection(SolutionConfigurationPlatforms) = preSolution
		Debug|Any CPU = Debug|Any CPU
		Release|Any CPU = Release|Any CPU
	EndGlobalSection
	GlobalSection(ProjectConfigurationPlatforms) = postSolution
		{0532A77F-4485-4D70-804D-314F94C27C49}.Debug|Any CPU.ActiveCfg = Debug|Any CPU
		{0532A77F-4485-4D70-804D-314F94C27C49}.Debug|Any CPU.Build.0 = Debug|Any CPU
		{0532A77F-4485-4D70-804D-314F94C27C49}.Release|Any CPU.ActiveCfg = Release|Any CPU
		{0532A77F-4485-4D70-804D-314F94C27C49}.Release|Any CPU.Build.0 = Release|Any CPU
		{CC3F1A5A-0222-4A5E-A21E-FD17140DF95A}.Debug|Any CPU.ActiveCfg = Debug|Any CPU
		{CC3F1A5A-0222-4A5E-A21E-FD17140DF95A}.Debug|Any CPU.Build.0 = Debug|Any CPU
		{CC3F1A5A-0222-4A5E-A21E-FD17140DF95A}.Release|Any CPU.ActiveCfg = Release|Any CPU
		{CC3F1A5A-0222-4A5E-A21E-FD17140DF95A}.Release|Any CPU.Build.0 = Release|Any CPU
	EndGlobalSection
	GlobalSection(SolutionProperties) = preSolution
		HideSolutionNode = FALSE
	EndGlobalSection
	GlobalSection(ExtensibilityGlobals) = postSolution
		SolutionGuid = {1A877F1C-95E0-4637-B273-46CB870C1CAD}
	EndGlobalSection
EndGlobal
